
Microsoft Visual Studio Solution File, Format Version 12.00
# Visual Studio 15
VisualStudioVersion = 15.0.27130.2027
MinimumVisualStudioVersion = 10.0.40219.1
Project("{2150E333-8FDC-42A3-9474-1A3956D46DE8}") = "Common", "Common", "{4691016A-569C-4E35-8729-0F2D29AC9400}"
EndProject
Project("{2150E333-8FDC-42A3-9474-1A3956D46DE8}") = "Security", "Security", "{D84DF8A7-DD01-4B78-B7D7-07ABAC4A4200}"
EndProject
Project("{FAE04EC0-301F-11D3-BF4B-00C04F79EFBC}") = "BusinessSolutions.Common.Core", "Common\BusinessSolutions.Common.Core\BusinessSolutions.Common.Core.csproj", "{3FF09941-9DD7-4A2F-BF77-B93DD747BDD0}"
EndProject
Project("{FAE04EC0-301F-11D3-BF4B-00C04F79EFBC}") = "BusinessSolutions.Common.EntityFramework", "Common\BusinessSolutions.Common.EntityFramework\BusinessSolutions.Common.EntityFramework.csproj", "{4298E9BE-4BF6-4EDC-8E90-2D4E54EFB16D}"
EndProject
Project("{2150E333-8FDC-42A3-9474-1A3956D46DE8}") = "Testing", "Testing", "{1B4294C5-B0C9-4D9A-AFDA-1A4168C4FA69}"
EndProject
Project("{FAE04EC0-301F-11D3-BF4B-00C04F79EFBC}") = "Common.UnitTesting", "Common\Testing\Common.UnitTesting\Common.UnitTesting.csproj", "{20A7AAB0-D77E-488A-A113-6C354B30D454}"
EndProject
Project("{FAE04EC0-301F-11D3-BF4B-00C04F79EFBC}") = "Common.IntegrationTest", "Common\Testing\Common.IntegrationTest\Common.IntegrationTest.csproj", "{C297A2D3-8F9F-439E-965A-A8A9282B7DF6}"
EndProject
Project("{FAE04EC0-301F-11D3-BF4B-00C04F79EFBC}") = "Sanabel.Security.Domain", "Security\Security.Domain\Sanabel.Security.Domain.csproj", "{705682BC-8929-4204-B35D-CE01F8BB453F}"
EndProject
Project("{FAE04EC0-301F-11D3-BF4B-00C04F79EFBC}") = "Security.AspIdentity", "Security\Security.AspIdentity\Security.AspIdentity.csproj", "{DAB8B715-900D-4936-B06B-BC1967DA0943}"
EndProject
Project("{FAE04EC0-301F-11D3-BF4B-00C04F79EFBC}") = "Sanabel.Security.Infra", "Security\Security.DataAccessLayer\Sanabel.Security.Infra.csproj", "{44859A1F-9523-460C-99B7-219AEDE202ED}"
EndProject
Project("{2150E333-8FDC-42A3-9474-1A3956D46DE8}") = "Testing", "Testing", "{08F1FA32-6686-44A9-939C-6458D5827728}"
EndProject
Project("{FAE04EC0-301F-11D3-BF4B-00C04F79EFBC}") = "Security.UnitTesting", "Security\Testing\Security.UnitTesting\Security.UnitTesting.csproj", "{97BEEFEF-4B8C-4B83-8B8B-02F81DE930C1}"
EndProject
Project("{FAE04EC0-301F-11D3-BF4B-00C04F79EFBC}") = "Security.IntegrationTest", "Security\Testing\Security.IntegrationTest\Security.IntegrationTest.csproj", "{492D2B4B-B7D1-4EE0-9465-D91932A5E478}"
EndProject
Project("{2150E333-8FDC-42A3-9474-1A3956D46DE8}") = "CommonSettings", "CommonSettings", "{EFE1018F-5E53-4D9E-8E99-C93FE877FA30}"
EndProject
Project("{FAE04EC0-301F-11D3-BF4B-00C04F79EFBC}") = "CommonSettings.Domain", "CommonSettings\CommonSettings.Domain\CommonSettings.Domain.csproj", "{1F1175F0-3CDE-41EE-B7FF-A0B2682450B9}"
EndProject
Project("{FAE04EC0-301F-11D3-BF4B-00C04F79EFBC}") = "CommonSettings.DAL", "CommonSettings\CommonSettings.DAL\CommonSettings.DAL.csproj", "{B8B6CF0E-8653-4B19-83A6-79752BB4C769}"
EndProject
Project("{FAE04EC0-301F-11D3-BF4B-00C04F79EFBC}") = "CommonSettings.BLL", "CommonSettings\CommonSettings.BLL\CommonSettings.BLL.csproj", "{410AE9ED-DC2B-4BFF-BA93-7DD5B25B5758}"
EndProject
Project("{FAE04EC0-301F-11D3-BF4B-00C04F79EFBC}") = "BusinessSolutions.Common.Infra", "Common\BusinessSolutions.Common.Infra\BusinessSolutions.Common.Infra.csproj", "{E0F80C64-47DC-4236-BD94-A480B87552D1}"
EndProject
Project("{2150E333-8FDC-42A3-9474-1A3956D46DE8}") = "Testing", "Testing", "{71F0E671-1EC9-425B-885D-02E041A80742}"
EndProject
Project("{FAE04EC0-301F-11D3-BF4B-00C04F79EFBC}") = "CommonSettings.UnitTest", "CommonSettings\Testing\CommonSettings.UnitTest\CommonSettings.UnitTest.csproj", "{34007793-DF1D-4A86-8628-9A70E6E19D7A}"
EndProject
Project("{FAE04EC0-301F-11D3-BF4B-00C04F79EFBC}") = "CommonSettings.IntegrationTest", "CommonSettings\Testing\CommonSettings.IntegrationTest\CommonSettings.IntegrationTest.csproj", "{26B9DC54-CF13-4D06-9992-66C15F513118}"
EndProject
Project("{2150E333-8FDC-42A3-9474-1A3956D46DE8}") = "Presentation", "Presentation", "{A83D1088-52AA-4AE7-B95F-4780CE1F225D}"
EndProject
Project("{FAE04EC0-301F-11D3-BF4B-00C04F79EFBC}") = "CommonSettings.ViewModels", "CommonSettings\CommonSettings.ViewModels\CommonSettings.ViewModels.csproj", "{0DD74256-D4E8-477D-93D1-A30E5E0FD3C3}"
EndProject
Project("{FAE04EC0-301F-11D3-BF4B-00C04F79EFBC}") = "CommonSettings.Localization", "CommonSettings\CommonSettings.Resourses\CommonSettings.Localization.csproj", "{2F6B193A-C8BF-4FC1-A474-396C7077D0DA}"
EndProject
Project("{FAE04EC0-301F-11D3-BF4B-00C04F79EFBC}") = "BusinessSolutions.Localization", "Common\BusinessSolutions.Localization\BusinessSolutions.Localization.csproj", "{A8C9D7E2-6493-4758-8335-02B187FA6045}"
EndProject
Project("{FAE04EC0-301F-11D3-BF4B-00C04F79EFBC}") = "BusinessSolutions.MVCCommon", "CommonSettings\BusinessSolutions.MVCCommon\BusinessSolutions.MVCCommon.csproj", "{ABE9D79D-0CB3-41B3-A991-9A490674192B}"
EndProject
Project("{2150E333-8FDC-42A3-9474-1A3956D46DE8}") = "Design", "Design", "{89C18E51-43FC-4B16-A895-2CFE36A12D82}"
	ProjectSection(SolutionItems) = preProject
		Design\controls.html = Design\controls.html
		Design\form.html = Design\form.html
		Design\index.html = Design\index.html
		Design\pages-login.html = Design\pages-login.html
	EndProjectSection
EndProject
Project("{FAE04EC0-301F-11D3-BF4B-00C04F79EFBC}") = "Sanabel.Presentation.MVC", "Presentation\Sanabel.Presentation.MVC\Sanabel.Presentation.MVC.csproj", "{B5503B80-B3D2-42A9-8F13-46CB8DE9815C}"
EndProject
Project("{FAE04EC0-301F-11D3-BF4B-00C04F79EFBC}") = "Sanabel.Security.Application", "Security\Security.Application\Sanabel.Security.Application.csproj", "{C1E7285D-4108-4D69-87E7-FE3D1F58D8EE}"
EndProject
Project("{FAE04EC0-301F-11D3-BF4B-00C04F79EFBC}") = "Sanabel.Presentation.Localization", "Presentation\Sanabel.Presentation.Localization\Sanabel.Presentation.Localization.csproj", "{A96B1851-1E4C-4E2F-B55D-87A47CDE3203}"
EndProject
Project("{2150E333-8FDC-42A3-9474-1A3956D46DE8}") = "Cases", "Cases", "{C2F135B0-D19D-46DD-9DD7-1D83171CA64C}"
EndProject
Project("{FAE04EC0-301F-11D3-BF4B-00C04F79EFBC}") = "Sanable.Cases.Domain", "Cases\Sanable.Cases.Domain\Sanable.Cases.Domain.csproj", "{1AEFD2F0-4C49-4BDC-8CB3-4E8A37EC182B}"
EndProject
Project("{FAE04EC0-301F-11D3-BF4B-00C04F79EFBC}") = "Sanable.Cases.Infra", "Cases\Sanable.Cases.Infra\Sanable.Cases.Infra.csproj", "{BDFA9941-48BA-4BA9-BDB6-7EBCE9046392}"
EndProject
Project("{FAE04EC0-301F-11D3-BF4B-00C04F79EFBC}") = "Sanabel.Cases.App", "Cases\Sanabel.Cases.App\Sanabel.Cases.App.csproj", "{7791503D-101E-4904-9828-57B61D48659D}"
EndProject
Project("{2150E333-8FDC-42A3-9474-1A3956D46DE8}") = "Volunteers", "Volunteers", "{FFBDA6A5-AD8C-4DC2-950B-BF931A1AD617}"
EndProject
Project("{FAE04EC0-301F-11D3-BF4B-00C04F79EFBC}") = "Sanabel.Volunteers.Domain", "Volunteers\Sanabel.Volunteers.Domain\Sanabel.Volunteers.Domain.csproj", "{C390AC25-4F49-42FC-82EF-7B2166E81A48}"
EndProject
Project("{FAE04EC0-301F-11D3-BF4B-00C04F79EFBC}") = "Sanabel.Volunteers.Infra", "Volunteers\Sanabel.Volunteers.Infra\Sanabel.Volunteers.Infra.csproj", "{45211785-39FF-497E-BA16-4198055E37EF}"
EndProject
Project("{FAE04EC0-301F-11D3-BF4B-00C04F79EFBC}") = "Sanabel.Volunteers.Application", "Volunteers\Sanabel.Volunteers.Application\Sanabel.Volunteers.Application.csproj", "{954E5BED-6DB7-457F-B22C-FFE2B303F286}"
EndProject
Project("{2150E333-8FDC-42A3-9474-1A3956D46DE8}") = "Test", "Test", "{29FD9E1A-9CAC-43B2-ACFE-C4250786C01B}"
EndProject
Project("{FAE04EC0-301F-11D3-BF4B-00C04F79EFBC}") = "Sanabel.Volunteers.IntegrationTest", "Volunteers\Test\Sanabel.Volunteers.IntegrationTest\Sanabel.Volunteers.IntegrationTest.csproj", "{1A266F76-3070-4BEB-904D-7E4DEEA1D5A7}"
EndProject
Project("{2150E333-8FDC-42A3-9474-1A3956D46DE8}") = "SonarQube", "SonarQube", "{FB9BCB2D-B40E-4C52-B4D1-10622B1F66CF}"
	ProjectSection(SolutionItems) = preProject
		SonarQube\sanabelCSharp.ruleset = SonarQube\sanabelCSharp.ruleset
		SonarQube\SolutionBinding.sqconfig = SonarQube\SolutionBinding.sqconfig
	EndProjectSection
EndProject
Project("{FAE04EC0-301F-11D3-BF4B-00C04F79EFBC}") = "Sanabel.Volunteers.Resources", "Volunteers\Sanabel.Volunteers.Resources\Sanabel.Volunteers.Resources.csproj", "{FC2433E6-0EA6-479C-841C-66B73FCBE128}"
EndProject
Project("{2150E333-8FDC-42A3-9474-1A3956D46DE8}") = "Data", "Data", "{99AB874F-D8F1-4AB2-89F3-6C093CC699C2}"
EndProject
Project("{00D1A9C2-B5F0-4AF3-8072-F6C62B433612}") = "CompareDatabase", "Data\CompareDatabase\CompareDatabase.sqlproj", "{B4115B29-0CD3-4AB8-BE80-053F5CF1695E}"
EndProject
Global
	GlobalSection(SolutionConfigurationPlatforms) = preSolution
		Debug|Any CPU = Debug|Any CPU
		Release|Any CPU = Release|Any CPU
	EndGlobalSection
	GlobalSection(ProjectConfigurationPlatforms) = postSolution
		{3FF09941-9DD7-4A2F-BF77-B93DD747BDD0}.Debug|Any CPU.ActiveCfg = Debug|Any CPU
		{3FF09941-9DD7-4A2F-BF77-B93DD747BDD0}.Debug|Any CPU.Build.0 = Debug|Any CPU
		{3FF09941-9DD7-4A2F-BF77-B93DD747BDD0}.Release|Any CPU.ActiveCfg = Release|Any CPU
		{3FF09941-9DD7-4A2F-BF77-B93DD747BDD0}.Release|Any CPU.Build.0 = Release|Any CPU
		{4298E9BE-4BF6-4EDC-8E90-2D4E54EFB16D}.Debug|Any CPU.ActiveCfg = Debug|Any CPU
		{4298E9BE-4BF6-4EDC-8E90-2D4E54EFB16D}.Debug|Any CPU.Build.0 = Debug|Any CPU
		{4298E9BE-4BF6-4EDC-8E90-2D4E54EFB16D}.Release|Any CPU.ActiveCfg = Release|Any CPU
		{4298E9BE-4BF6-4EDC-8E90-2D4E54EFB16D}.Release|Any CPU.Build.0 = Release|Any CPU
		{20A7AAB0-D77E-488A-A113-6C354B30D454}.Debug|Any CPU.ActiveCfg = Debug|Any CPU
		{20A7AAB0-D77E-488A-A113-6C354B30D454}.Debug|Any CPU.Build.0 = Debug|Any CPU
		{20A7AAB0-D77E-488A-A113-6C354B30D454}.Release|Any CPU.ActiveCfg = Release|Any CPU
		{20A7AAB0-D77E-488A-A113-6C354B30D454}.Release|Any CPU.Build.0 = Release|Any CPU
		{C297A2D3-8F9F-439E-965A-A8A9282B7DF6}.Debug|Any CPU.ActiveCfg = Debug|Any CPU
		{C297A2D3-8F9F-439E-965A-A8A9282B7DF6}.Debug|Any CPU.Build.0 = Debug|Any CPU
		{C297A2D3-8F9F-439E-965A-A8A9282B7DF6}.Release|Any CPU.ActiveCfg = Release|Any CPU
		{C297A2D3-8F9F-439E-965A-A8A9282B7DF6}.Release|Any CPU.Build.0 = Release|Any CPU
		{705682BC-8929-4204-B35D-CE01F8BB453F}.Debug|Any CPU.ActiveCfg = Debug|Any CPU
		{705682BC-8929-4204-B35D-CE01F8BB453F}.Debug|Any CPU.Build.0 = Debug|Any CPU
		{705682BC-8929-4204-B35D-CE01F8BB453F}.Release|Any CPU.ActiveCfg = Release|Any CPU
		{705682BC-8929-4204-B35D-CE01F8BB453F}.Release|Any CPU.Build.0 = Release|Any CPU
		{DAB8B715-900D-4936-B06B-BC1967DA0943}.Debug|Any CPU.ActiveCfg = Debug|Any CPU
		{DAB8B715-900D-4936-B06B-BC1967DA0943}.Debug|Any CPU.Build.0 = Debug|Any CPU
		{DAB8B715-900D-4936-B06B-BC1967DA0943}.Release|Any CPU.ActiveCfg = Release|Any CPU
		{DAB8B715-900D-4936-B06B-BC1967DA0943}.Release|Any CPU.Build.0 = Release|Any CPU
		{44859A1F-9523-460C-99B7-219AEDE202ED}.Debug|Any CPU.ActiveCfg = Debug|Any CPU
		{44859A1F-9523-460C-99B7-219AEDE202ED}.Debug|Any CPU.Build.0 = Debug|Any CPU
		{44859A1F-9523-460C-99B7-219AEDE202ED}.Release|Any CPU.ActiveCfg = Release|Any CPU
		{44859A1F-9523-460C-99B7-219AEDE202ED}.Release|Any CPU.Build.0 = Release|Any CPU
		{97BEEFEF-4B8C-4B83-8B8B-02F81DE930C1}.Debug|Any CPU.ActiveCfg = Debug|Any CPU
		{97BEEFEF-4B8C-4B83-8B8B-02F81DE930C1}.Debug|Any CPU.Build.0 = Debug|Any CPU
		{97BEEFEF-4B8C-4B83-8B8B-02F81DE930C1}.Release|Any CPU.ActiveCfg = Release|Any CPU
		{97BEEFEF-4B8C-4B83-8B8B-02F81DE930C1}.Release|Any CPU.Build.0 = Release|Any CPU
		{492D2B4B-B7D1-4EE0-9465-D91932A5E478}.Debug|Any CPU.ActiveCfg = Debug|Any CPU
		{492D2B4B-B7D1-4EE0-9465-D91932A5E478}.Debug|Any CPU.Build.0 = Debug|Any CPU
		{492D2B4B-B7D1-4EE0-9465-D91932A5E478}.Release|Any CPU.ActiveCfg = Release|Any CPU
		{492D2B4B-B7D1-4EE0-9465-D91932A5E478}.Release|Any CPU.Build.0 = Release|Any CPU
		{1F1175F0-3CDE-41EE-B7FF-A0B2682450B9}.Debug|Any CPU.ActiveCfg = Debug|Any CPU
		{1F1175F0-3CDE-41EE-B7FF-A0B2682450B9}.Debug|Any CPU.Build.0 = Debug|Any CPU
		{1F1175F0-3CDE-41EE-B7FF-A0B2682450B9}.Release|Any CPU.ActiveCfg = Release|Any CPU
		{1F1175F0-3CDE-41EE-B7FF-A0B2682450B9}.Release|Any CPU.Build.0 = Release|Any CPU
		{B8B6CF0E-8653-4B19-83A6-79752BB4C769}.Debug|Any CPU.ActiveCfg = Debug|Any CPU
		{B8B6CF0E-8653-4B19-83A6-79752BB4C769}.Debug|Any CPU.Build.0 = Debug|Any CPU
		{B8B6CF0E-8653-4B19-83A6-79752BB4C769}.Release|Any CPU.ActiveCfg = Release|Any CPU
		{B8B6CF0E-8653-4B19-83A6-79752BB4C769}.Release|Any CPU.Build.0 = Release|Any CPU
		{410AE9ED-DC2B-4BFF-BA93-7DD5B25B5758}.Debug|Any CPU.ActiveCfg = Debug|Any CPU
		{410AE9ED-DC2B-4BFF-BA93-7DD5B25B5758}.Debug|Any CPU.Build.0 = Debug|Any CPU
		{410AE9ED-DC2B-4BFF-BA93-7DD5B25B5758}.Release|Any CPU.ActiveCfg = Release|Any CPU
		{410AE9ED-DC2B-4BFF-BA93-7DD5B25B5758}.Release|Any CPU.Build.0 = Release|Any CPU
		{E0F80C64-47DC-4236-BD94-A480B87552D1}.Debug|Any CPU.ActiveCfg = Debug|Any CPU
		{E0F80C64-47DC-4236-BD94-A480B87552D1}.Debug|Any CPU.Build.0 = Debug|Any CPU
		{E0F80C64-47DC-4236-BD94-A480B87552D1}.Release|Any CPU.ActiveCfg = Release|Any CPU
		{E0F80C64-47DC-4236-BD94-A480B87552D1}.Release|Any CPU.Build.0 = Release|Any CPU
		{34007793-DF1D-4A86-8628-9A70E6E19D7A}.Debug|Any CPU.ActiveCfg = Debug|Any CPU
		{34007793-DF1D-4A86-8628-9A70E6E19D7A}.Debug|Any CPU.Build.0 = Debug|Any CPU
		{34007793-DF1D-4A86-8628-9A70E6E19D7A}.Release|Any CPU.ActiveCfg = Release|Any CPU
		{34007793-DF1D-4A86-8628-9A70E6E19D7A}.Release|Any CPU.Build.0 = Release|Any CPU
		{26B9DC54-CF13-4D06-9992-66C15F513118}.Debug|Any CPU.ActiveCfg = Debug|Any CPU
		{26B9DC54-CF13-4D06-9992-66C15F513118}.Debug|Any CPU.Build.0 = Debug|Any CPU
		{26B9DC54-CF13-4D06-9992-66C15F513118}.Release|Any CPU.ActiveCfg = Release|Any CPU
		{26B9DC54-CF13-4D06-9992-66C15F513118}.Release|Any CPU.Build.0 = Release|Any CPU
		{0DD74256-D4E8-477D-93D1-A30E5E0FD3C3}.Debug|Any CPU.ActiveCfg = Debug|Any CPU
		{0DD74256-D4E8-477D-93D1-A30E5E0FD3C3}.Debug|Any CPU.Build.0 = Debug|Any CPU
		{0DD74256-D4E8-477D-93D1-A30E5E0FD3C3}.Release|Any CPU.ActiveCfg = Release|Any CPU
		{0DD74256-D4E8-477D-93D1-A30E5E0FD3C3}.Release|Any CPU.Build.0 = Release|Any CPU
		{2F6B193A-C8BF-4FC1-A474-396C7077D0DA}.Debug|Any CPU.ActiveCfg = Debug|Any CPU
		{2F6B193A-C8BF-4FC1-A474-396C7077D0DA}.Debug|Any CPU.Build.0 = Debug|Any CPU
		{2F6B193A-C8BF-4FC1-A474-396C7077D0DA}.Release|Any CPU.ActiveCfg = Release|Any CPU
		{2F6B193A-C8BF-4FC1-A474-396C7077D0DA}.Release|Any CPU.Build.0 = Release|Any CPU
		{A8C9D7E2-6493-4758-8335-02B187FA6045}.Debug|Any CPU.ActiveCfg = Debug|Any CPU
		{A8C9D7E2-6493-4758-8335-02B187FA6045}.Debug|Any CPU.Build.0 = Debug|Any CPU
		{A8C9D7E2-6493-4758-8335-02B187FA6045}.Release|Any CPU.ActiveCfg = Release|Any CPU
		{A8C9D7E2-6493-4758-8335-02B187FA6045}.Release|Any CPU.Build.0 = Release|Any CPU
		{ABE9D79D-0CB3-41B3-A991-9A490674192B}.Debug|Any CPU.ActiveCfg = Debug|Any CPU
		{ABE9D79D-0CB3-41B3-A991-9A490674192B}.Debug|Any CPU.Build.0 = Debug|Any CPU
		{ABE9D79D-0CB3-41B3-A991-9A490674192B}.Release|Any CPU.ActiveCfg = Release|Any CPU
		{ABE9D79D-0CB3-41B3-A991-9A490674192B}.Release|Any CPU.Build.0 = Release|Any CPU
		{B5503B80-B3D2-42A9-8F13-46CB8DE9815C}.Debug|Any CPU.ActiveCfg = Debug|Any CPU
		{B5503B80-B3D2-42A9-8F13-46CB8DE9815C}.Debug|Any CPU.Build.0 = Debug|Any CPU
		{B5503B80-B3D2-42A9-8F13-46CB8DE9815C}.Release|Any CPU.ActiveCfg = Release|Any CPU
		{B5503B80-B3D2-42A9-8F13-46CB8DE9815C}.Release|Any CPU.Build.0 = Release|Any CPU
		{C1E7285D-4108-4D69-87E7-FE3D1F58D8EE}.Debug|Any CPU.ActiveCfg = Debug|Any CPU
		{C1E7285D-4108-4D69-87E7-FE3D1F58D8EE}.Debug|Any CPU.Build.0 = Debug|Any CPU
		{C1E7285D-4108-4D69-87E7-FE3D1F58D8EE}.Release|Any CPU.ActiveCfg = Release|Any CPU
		{C1E7285D-4108-4D69-87E7-FE3D1F58D8EE}.Release|Any CPU.Build.0 = Release|Any CPU
		{A96B1851-1E4C-4E2F-B55D-87A47CDE3203}.Debug|Any CPU.ActiveCfg = Debug|Any CPU
		{A96B1851-1E4C-4E2F-B55D-87A47CDE3203}.Debug|Any CPU.Build.0 = Debug|Any CPU
		{A96B1851-1E4C-4E2F-B55D-87A47CDE3203}.Release|Any CPU.ActiveCfg = Release|Any CPU
		{A96B1851-1E4C-4E2F-B55D-87A47CDE3203}.Release|Any CPU.Build.0 = Release|Any CPU
		{1AEFD2F0-4C49-4BDC-8CB3-4E8A37EC182B}.Debug|Any CPU.ActiveCfg = Debug|Any CPU
		{1AEFD2F0-4C49-4BDC-8CB3-4E8A37EC182B}.Debug|Any CPU.Build.0 = Debug|Any CPU
		{1AEFD2F0-4C49-4BDC-8CB3-4E8A37EC182B}.Release|Any CPU.ActiveCfg = Release|Any CPU
		{1AEFD2F0-4C49-4BDC-8CB3-4E8A37EC182B}.Release|Any CPU.Build.0 = Release|Any CPU
		{BDFA9941-48BA-4BA9-BDB6-7EBCE9046392}.Debug|Any CPU.ActiveCfg = Debug|Any CPU
		{BDFA9941-48BA-4BA9-BDB6-7EBCE9046392}.Debug|Any CPU.Build.0 = Debug|Any CPU
		{BDFA9941-48BA-4BA9-BDB6-7EBCE9046392}.Release|Any CPU.ActiveCfg = Release|Any CPU
		{BDFA9941-48BA-4BA9-BDB6-7EBCE9046392}.Release|Any CPU.Build.0 = Release|Any CPU
		{7791503D-101E-4904-9828-57B61D48659D}.Debug|Any CPU.ActiveCfg = Debug|Any CPU
		{7791503D-101E-4904-9828-57B61D48659D}.Debug|Any CPU.Build.0 = Debug|Any CPU
		{7791503D-101E-4904-9828-57B61D48659D}.Release|Any CPU.ActiveCfg = Release|Any CPU
		{7791503D-101E-4904-9828-57B61D48659D}.Release|Any CPU.Build.0 = Release|Any CPU
		{C390AC25-4F49-42FC-82EF-7B2166E81A48}.Debug|Any CPU.ActiveCfg = Debug|Any CPU
		{C390AC25-4F49-42FC-82EF-7B2166E81A48}.Debug|Any CPU.Build.0 = Debug|Any CPU
		{C390AC25-4F49-42FC-82EF-7B2166E81A48}.Release|Any CPU.ActiveCfg = Release|Any CPU
		{C390AC25-4F49-42FC-82EF-7B2166E81A48}.Release|Any CPU.Build.0 = Release|Any CPU
		{45211785-39FF-497E-BA16-4198055E37EF}.Debug|Any CPU.ActiveCfg = Debug|Any CPU
		{45211785-39FF-497E-BA16-4198055E37EF}.Debug|Any CPU.Build.0 = Debug|Any CPU
		{45211785-39FF-497E-BA16-4198055E37EF}.Release|Any CPU.ActiveCfg = Release|Any CPU
		{45211785-39FF-497E-BA16-4198055E37EF}.Release|Any CPU.Build.0 = Release|Any CPU
		{954E5BED-6DB7-457F-B22C-FFE2B303F286}.Debug|Any CPU.ActiveCfg = Debug|Any CPU
		{954E5BED-6DB7-457F-B22C-FFE2B303F286}.Debug|Any CPU.Build.0 = Debug|Any CPU
		{954E5BED-6DB7-457F-B22C-FFE2B303F286}.Release|Any CPU.ActiveCfg = Release|Any CPU
		{954E5BED-6DB7-457F-B22C-FFE2B303F286}.Release|Any CPU.Build.0 = Release|Any CPU
		{1A266F76-3070-4BEB-904D-7E4DEEA1D5A7}.Debug|Any CPU.ActiveCfg = Debug|Any CPU
		{1A266F76-3070-4BEB-904D-7E4DEEA1D5A7}.Debug|Any CPU.Build.0 = Debug|Any CPU
		{1A266F76-3070-4BEB-904D-7E4DEEA1D5A7}.Release|Any CPU.ActiveCfg = Release|Any CPU
		{1A266F76-3070-4BEB-904D-7E4DEEA1D5A7}.Release|Any CPU.Build.0 = Release|Any CPU
		{FC2433E6-0EA6-479C-841C-66B73FCBE128}.Debug|Any CPU.ActiveCfg = Debug|Any CPU
		{FC2433E6-0EA6-479C-841C-66B73FCBE128}.Debug|Any CPU.Build.0 = Debug|Any CPU
		{FC2433E6-0EA6-479C-841C-66B73FCBE128}.Release|Any CPU.ActiveCfg = Release|Any CPU
		{FC2433E6-0EA6-479C-841C-66B73FCBE128}.Release|Any CPU.Build.0 = Release|Any CPU
		{B4115B29-0CD3-4AB8-BE80-053F5CF1695E}.Debug|Any CPU.ActiveCfg = Debug|Any CPU
		{B4115B29-0CD3-4AB8-BE80-053F5CF1695E}.Debug|Any CPU.Build.0 = Debug|Any CPU
		{B4115B29-0CD3-4AB8-BE80-053F5CF1695E}.Debug|Any CPU.Deploy.0 = Debug|Any CPU
		{B4115B29-0CD3-4AB8-BE80-053F5CF1695E}.Release|Any CPU.ActiveCfg = Release|Any CPU
		{B4115B29-0CD3-4AB8-BE80-053F5CF1695E}.Release|Any CPU.Build.0 = Release|Any CPU
		{B4115B29-0CD3-4AB8-BE80-053F5CF1695E}.Release|Any CPU.Deploy.0 = Release|Any CPU
	EndGlobalSection
	GlobalSection(SolutionProperties) = preSolution
		HideSolutionNode = FALSE
	EndGlobalSection
	GlobalSection(NestedProjects) = preSolution
		{3FF09941-9DD7-4A2F-BF77-B93DD747BDD0} = {4691016A-569C-4E35-8729-0F2D29AC9400}
		{4298E9BE-4BF6-4EDC-8E90-2D4E54EFB16D} = {4691016A-569C-4E35-8729-0F2D29AC9400}
		{1B4294C5-B0C9-4D9A-AFDA-1A4168C4FA69} = {4691016A-569C-4E35-8729-0F2D29AC9400}
		{20A7AAB0-D77E-488A-A113-6C354B30D454} = {1B4294C5-B0C9-4D9A-AFDA-1A4168C4FA69}
		{C297A2D3-8F9F-439E-965A-A8A9282B7DF6} = {1B4294C5-B0C9-4D9A-AFDA-1A4168C4FA69}
		{705682BC-8929-4204-B35D-CE01F8BB453F} = {D84DF8A7-DD01-4B78-B7D7-07ABAC4A4200}
		{DAB8B715-900D-4936-B06B-BC1967DA0943} = {D84DF8A7-DD01-4B78-B7D7-07ABAC4A4200}
		{44859A1F-9523-460C-99B7-219AEDE202ED} = {D84DF8A7-DD01-4B78-B7D7-07ABAC4A4200}
		{08F1FA32-6686-44A9-939C-6458D5827728} = {D84DF8A7-DD01-4B78-B7D7-07ABAC4A4200}
		{97BEEFEF-4B8C-4B83-8B8B-02F81DE930C1} = {08F1FA32-6686-44A9-939C-6458D5827728}
		{492D2B4B-B7D1-4EE0-9465-D91932A5E478} = {08F1FA32-6686-44A9-939C-6458D5827728}
		{1F1175F0-3CDE-41EE-B7FF-A0B2682450B9} = {EFE1018F-5E53-4D9E-8E99-C93FE877FA30}
		{B8B6CF0E-8653-4B19-83A6-79752BB4C769} = {EFE1018F-5E53-4D9E-8E99-C93FE877FA30}
		{410AE9ED-DC2B-4BFF-BA93-7DD5B25B5758} = {EFE1018F-5E53-4D9E-8E99-C93FE877FA30}
		{E0F80C64-47DC-4236-BD94-A480B87552D1} = {4691016A-569C-4E35-8729-0F2D29AC9400}
		{71F0E671-1EC9-425B-885D-02E041A80742} = {EFE1018F-5E53-4D9E-8E99-C93FE877FA30}
		{34007793-DF1D-4A86-8628-9A70E6E19D7A} = {71F0E671-1EC9-425B-885D-02E041A80742}
		{26B9DC54-CF13-4D06-9992-66C15F513118} = {71F0E671-1EC9-425B-885D-02E041A80742}
		{0DD74256-D4E8-477D-93D1-A30E5E0FD3C3} = {EFE1018F-5E53-4D9E-8E99-C93FE877FA30}
		{2F6B193A-C8BF-4FC1-A474-396C7077D0DA} = {EFE1018F-5E53-4D9E-8E99-C93FE877FA30}
		{A8C9D7E2-6493-4758-8335-02B187FA6045} = {4691016A-569C-4E35-8729-0F2D29AC9400}
		{ABE9D79D-0CB3-41B3-A991-9A490674192B} = {4691016A-569C-4E35-8729-0F2D29AC9400}
		{B5503B80-B3D2-42A9-8F13-46CB8DE9815C} = {A83D1088-52AA-4AE7-B95F-4780CE1F225D}
		{C1E7285D-4108-4D69-87E7-FE3D1F58D8EE} = {D84DF8A7-DD01-4B78-B7D7-07ABAC4A4200}
		{A96B1851-1E4C-4E2F-B55D-87A47CDE3203} = {A83D1088-52AA-4AE7-B95F-4780CE1F225D}
		{1AEFD2F0-4C49-4BDC-8CB3-4E8A37EC182B} = {C2F135B0-D19D-46DD-9DD7-1D83171CA64C}
		{BDFA9941-48BA-4BA9-BDB6-7EBCE9046392} = {C2F135B0-D19D-46DD-9DD7-1D83171CA64C}
		{7791503D-101E-4904-9828-57B61D48659D} = {C2F135B0-D19D-46DD-9DD7-1D83171CA64C}
		{C390AC25-4F49-42FC-82EF-7B2166E81A48} = {FFBDA6A5-AD8C-4DC2-950B-BF931A1AD617}
		{45211785-39FF-497E-BA16-4198055E37EF} = {FFBDA6A5-AD8C-4DC2-950B-BF931A1AD617}
		{954E5BED-6DB7-457F-B22C-FFE2B303F286} = {FFBDA6A5-AD8C-4DC2-950B-BF931A1AD617}
		{29FD9E1A-9CAC-43B2-ACFE-C4250786C01B} = {FFBDA6A5-AD8C-4DC2-950B-BF931A1AD617}
		{1A266F76-3070-4BEB-904D-7E4DEEA1D5A7} = {29FD9E1A-9CAC-43B2-ACFE-C4250786C01B}
		{FC2433E6-0EA6-479C-841C-66B73FCBE128} = {FFBDA6A5-AD8C-4DC2-950B-BF931A1AD617}
		{B4115B29-0CD3-4AB8-BE80-053F5CF1695E} = {99AB874F-D8F1-4AB2-89F3-6C093CC699C2}
	EndGlobalSection
	GlobalSection(ExtensibilityGlobals) = postSolution
		SolutionGuid = {13720C3F-5797-4EF2-AF6F-9CEE1825CF91}
	EndGlobalSection
EndGlobal
